
Microsoft Visual Studio Solution File, Format Version 12.00
# Visual Studio Version 16
VisualStudioVersion = 16.0.34601.136
MinimumVisualStudioVersion = 10.0.40219.1
Project("{FAE04EC0-301F-11D3-BF4B-00C04F79EFBC}") = "POVdotNet", "POVdotNet\POVdotNet.csproj", "{990F5B87-D106-457D-90A6-43BC9CE5AB61}"
EndProject
Global
	GlobalSection(SolutionConfigurationPlatforms) = preSolution
		Debug|Any CPU = Debug|Any CPU
		Release|Any CPU = Release|Any CPU
	EndGlobalSection
	GlobalSection(ProjectConfigurationPlatforms) = postSolution
		{990F5B87-D106-457D-90A6-43BC9CE5AB61}.Debug|Any CPU.ActiveCfg = Debug|Any CPU
		{990F5B87-D106-457D-90A6-43BC9CE5AB61}.Debug|Any CPU.Build.0 = Debug|Any CPU
		{990F5B87-D106-457D-90A6-43BC9CE5AB61}.Release|Any CPU.ActiveCfg = Release|Any CPU
		{990F5B87-D106-457D-90A6-43BC9CE5AB61}.Release|Any CPU.Build.0 = Release|Any CPU
	EndGlobalSection
	GlobalSection(SolutionProperties) = preSolution
		HideSolutionNode = FALSE
	EndGlobalSection
	GlobalSection(ExtensibilityGlobals) = postSolution
		SolutionGuid = {511224F8-2E80-4B75-A9F2-317A2EFE2D36}
	EndGlobalSection
EndGlobal
